
Microsoft Visual Studio Solution File, Format Version 12.00
# Visual Studio 2012
Project("{FAE04EC0-301F-11D3-BF4B-00C04F79EFBC}") = "Tri", "Tri\Tri.csproj", "{5AD9BF63-3642-4B56-B26B-E7376BAFA227}"
EndProject
Project("{FAE04EC0-301F-11D3-BF4B-00C04F79EFBC}") = "UnitTestTri", "UnitTestTri\UnitTestTri.csproj", "{88A56DF7-AFC4-4087-ADF6-5132B21D75C0}"
EndProject
Global
	GlobalSection(SolutionConfigurationPlatforms) = preSolution
		Debug|Any CPU = Debug|Any CPU
		Release|Any CPU = Release|Any CPU
	EndGlobalSection
	GlobalSection(ProjectConfigurationPlatforms) = postSolution
		{5AD9BF63-3642-4B56-B26B-E7376BAFA227}.Debug|Any CPU.ActiveCfg = Debug|Any CPU
		{5AD9BF63-3642-4B56-B26B-E7376BAFA227}.Debug|Any CPU.Build.0 = Debug|Any CPU
		{5AD9BF63-3642-4B56-B26B-E7376BAFA227}.Release|Any CPU.ActiveCfg = Release|Any CPU
		{5AD9BF63-3642-4B56-B26B-E7376BAFA227}.Release|Any CPU.Build.0 = Release|Any CPU
		{88A56DF7-AFC4-4087-ADF6-5132B21D75C0}.Debug|Any CPU.ActiveCfg = Debug|Any CPU
		{88A56DF7-AFC4-4087-ADF6-5132B21D75C0}.Debug|Any CPU.Build.0 = Debug|Any CPU
		{88A56DF7-AFC4-4087-ADF6-5132B21D75C0}.Release|Any CPU.ActiveCfg = Release|Any CPU
		{88A56DF7-AFC4-4087-ADF6-5132B21D75C0}.Release|Any CPU.Build.0 = Release|Any CPU
	EndGlobalSection
	GlobalSection(SolutionProperties) = preSolution
		HideSolutionNode = FALSE
	EndGlobalSection
EndGlobal
